<?xml version="1.0" encoding="utf-8"?>
<Project ToolsVersion="4.0" xmlns="http://schemas.microsoft.com/developer/msbuild/2003">
  <ItemGroup>
    <Filter Include="Fichiers sources">
      <UniqueIdentifier>{4FC737F1-C7A5-4376-A066-2A32D752A2FF}</UniqueIdentifier>
      <Extensions>cpp;c;cc;cxx;def;odl;idl;hpj;bat;asm;asmx</Extensions>
    </Filter>
    <Filter Include="Fichiers d%27en-tête">
      <UniqueIdentifier>{93995380-89BD-4b04-88EB-625FBE52EBFB}</UniqueIdentifier>
      <Extensions>h;hh;hpp;hxx;hm;inl;inc;xsd</Extensions>
    </Filter>
    <Filter Include="Fichiers de ressources">
      <UniqueIdentifier>{67DA6AB6-F800-4c08-8B7A-83BB121AAD01}</UniqueIdentifier>
      <Extensions>rc;ico;cur;bmp;dlg;rc2;rct;bin;rgs;gif;jpg;jpeg;jpe;resx;tiff;tif;png;wav;mfcribbon-ms</Extensions>
    </Filter>
    <Filter Include="Fichiers d%27en-tête\States">
      <UniqueIdentifier>{529ead14-70c5-43ed-aae6-7ccae03ce2fb}</UniqueIdentifier>
    </Filter>
    <Filter Include="Fichiers sources\States">
      <UniqueIdentifier>{9bf9c3cf-2a6c-42b6-b40e-d1fc151aef21}</UniqueIdentifier>
    </Filter>
    <Filter Include="Fichiers d%27en-tête\Event">
      <UniqueIdentifier>{5b3a0fad-b4b8-4607-9162-0aaddae76f50}</UniqueIdentifier>
    </Filter>
    <Filter Include="Fichiers sources\Event">
      <UniqueIdentifier>{56751e80-edc3-4900-9560-8dc5aaa6f4bb}</UniqueIdentifier>
    </Filter>
  </ItemGroup>
  <ItemGroup>
    <ClCompile Include="main.cpp">
      <Filter>Fichiers sources</Filter>
    </ClCompile>
    <ClCompile Include="States\TestState.cpp">
      <Filter>Fichiers sources\States</Filter>
    </ClCompile>
    <ClCompile Include="Env.cpp">
      <Filter>Fichiers sources</Filter>
    </ClCompile>
    <ClCompile Include="Event\WindowEventsHolder.cpp">
      <Filter>Fichiers sources\Event</Filter>
    </ClCompile>
  </ItemGroup>
  <ItemGroup>
    <ClInclude Include="States\TestState.h">
      <Filter>Fichiers d%27en-tête\States</Filter>
    </ClInclude>
    <ClInclude Include="Constants.h">
      <Filter>Fichiers d%27en-tête</Filter>
    </ClInclude>
    <ClInclude Include="Env.h">
      <Filter>Fichiers d%27en-tête</Filter>
    </ClInclude>
    <ClInclude Include="Event\Event.h">
      <Filter>Fichiers d%27en-tête\Event</Filter>
    </ClInclude>
    <ClInclude Include="Event\WindowEventArgs.h">
      <Filter>Fichiers d%27en-tête\Event</Filter>
    </ClInclude>
    <ClInclude Include="Event\WindowEventsHolder.h">
      <Filter>Fichiers d%27en-tête\Event</Filter>
    </ClInclude>
  </ItemGroup>
  <ItemGroup>
    <None Include="Event\Event.inl">
      <Filter>Fichiers d%27en-tête\Event</Filter>
    </None>
  </ItemGroup>
</Project>