<?xml version="1.0" encoding="utf-8"?>
<Project ToolsVersion="4.0" xmlns="http://schemas.microsoft.com/developer/msbuild/2003">
  <ItemGroup>
    <Filter Include="Fichiers sources">
      <UniqueIdentifier>{4FC737F1-C7A5-4376-A066-2A32D752A2FF}</UniqueIdentifier>
      <Extensions>cpp;c;cc;cxx;def;odl;idl;hpj;bat;asm;asmx</Extensions>
    </Filter>
    <Filter Include="Fichiers d%27en-tête">
      <UniqueIdentifier>{93995380-89BD-4b04-88EB-625FBE52EBFB}</UniqueIdentifier>
      <Extensions>h;hh;hpp;hxx;hm;inl;inc;xsd</Extensions>
    </Filter>
    <Filter Include="Fichiers de ressources">
      <UniqueIdentifier>{67DA6AB6-F800-4c08-8B7A-83BB121AAD01}</UniqueIdentifier>
      <Extensions>rc;ico;cur;bmp;dlg;rc2;rct;bin;rgs;gif;jpg;jpeg;jpe;resx;tiff;tif;png;wav;mfcribbon-ms</Extensions>
    </Filter>
    <Filter Include="Fichiers d%27en-tête\States">
      <UniqueIdentifier>{529ead14-70c5-43ed-aae6-7ccae03ce2fb}</UniqueIdentifier>
    </Filter>
    <Filter Include="Fichiers sources\States">
      <UniqueIdentifier>{9bf9c3cf-2a6c-42b6-b40e-d1fc151aef21}</UniqueIdentifier>
    </Filter>
    <Filter Include="Fichiers d%27en-tête\Event">
      <UniqueIdentifier>{5b3a0fad-b4b8-4607-9162-0aaddae76f50}</UniqueIdentifier>
    </Filter>
    <Filter Include="Fichiers sources\Event">
      <UniqueIdentifier>{56751e80-edc3-4900-9560-8dc5aaa6f4bb}</UniqueIdentifier>
    </Filter>
    <Filter Include="Fichiers d%27en-tête\Components">
      <UniqueIdentifier>{5caddd61-1ffa-400e-8f14-f3d74616ce8a}</UniqueIdentifier>
    </Filter>
    <Filter Include="Fichiers sources\Components">
      <UniqueIdentifier>{dcbc143e-9b11-4f9c-b9bc-12b58439fd86}</UniqueIdentifier>
    </Filter>
    <Filter Include="Fichiers d%27en-tête\Systems">
      <UniqueIdentifier>{d7b05b10-a290-44f1-bedd-44bc040da9b3}</UniqueIdentifier>
    </Filter>
    <Filter Include="Fichiers sources\Systems">
      <UniqueIdentifier>{f0f20e87-f7d3-4b9a-846a-101941261928}</UniqueIdentifier>
    </Filter>
  </ItemGroup>
  <ItemGroup>
    <ClCompile Include="main.cpp">
      <Filter>Fichiers sources</Filter>
    </ClCompile>
    <ClCompile Include="States\TestState.cpp">
      <Filter>Fichiers sources\States</Filter>
    </ClCompile>
    <ClCompile Include="Env.cpp">
      <Filter>Fichiers sources</Filter>
    </ClCompile>
    <ClCompile Include="Event\WindowEventsHolder.cpp">
      <Filter>Fichiers sources\Event</Filter>
    </ClCompile>
    <ClCompile Include="Components\CameraScreenScaleComponent.cpp">
      <Filter>Fichiers sources\Components</Filter>
    </ClCompile>
    <ClCompile Include="Components\PlayerCommandsComponent.cpp">
      <Filter>Fichiers sources\Components</Filter>
    </ClCompile>
    <ClCompile Include="Components\PlayerControlerComponent.cpp">
      <Filter>Fichiers sources\Components</Filter>
    </ClCompile>
    <ClCompile Include="Systems\PlayerControlerSystem.cpp">
      <Filter>Fichiers d%27en-tête\Systems</Filter>
    </ClCompile>
  </ItemGroup>
  <ItemGroup>
    <ClInclude Include="States\TestState.h">
      <Filter>Fichiers d%27en-tête\States</Filter>
    </ClInclude>
    <ClInclude Include="Constants.h">
      <Filter>Fichiers d%27en-tête</Filter>
    </ClInclude>
    <ClInclude Include="Env.h">
      <Filter>Fichiers d%27en-tête</Filter>
    </ClInclude>
    <ClInclude Include="Event\Event.h">
      <Filter>Fichiers d%27en-tête\Event</Filter>
    </ClInclude>
    <ClInclude Include="Event\WindowEventArgs.h">
      <Filter>Fichiers d%27en-tête\Event</Filter>
    </ClInclude>
    <ClInclude Include="Event\WindowEventsHolder.h">
      <Filter>Fichiers d%27en-tête\Event</Filter>
    </ClInclude>
    <ClInclude Include="Components\CameraScreenScaleComponent.h">
      <Filter>Fichiers d%27en-tête\Components</Filter>
    </ClInclude>
    <ClInclude Include="Components\PlayerCommandsComponent.h">
      <Filter>Fichiers d%27en-tête\Components</Filter>
    </ClInclude>
    <ClInclude Include="Components\PlayerControlerComponent.h">
      <Filter>Fichiers d%27en-tête\Components</Filter>
    </ClInclude>
    <ClInclude Include="Systems\PlayerControlerSystem.h">
      <Filter>Fichiers d%27en-tête\Systems</Filter>
    </ClInclude>
  </ItemGroup>
  <ItemGroup>
    <None Include="Event\Event.inl">
      <Filter>Fichiers d%27en-tête\Event</Filter>
    </None>
  </ItemGroup>
</Project>